
Microsoft Visual Studio Solution File, Format Version 12.00
# Visual Studio 15
VisualStudioVersion = 15.0.26206.0
MinimumVisualStudioVersion = 10.0.40219.1
Project("{9A19103F-16F7-4668-BE54-9A1E7A4F7556}") = "TestDll", "TestDll\TestDll\TestDll.csproj", "{C01DCC09-4208-4E6B-AED1-E13791087E21}"
EndProject
Project("{9A19103F-16F7-4668-BE54-9A1E7A4F7556}") = "Client", "Client\Client\Client.csproj", "{82F1B71F-C012-4EAA-B52C-4B8AE2EB6F4E}"
EndProject
Project("{9A19103F-16F7-4668-BE54-9A1E7A4F7556}") = "Server", "Server\Server\Server.csproj", "{B85FCFEC-6479-47D0-8BF0-E207A8919430}"
EndProject
Global
	GlobalSection(SolutionConfigurationPlatforms) = preSolution
		Debug|Any CPU = Debug|Any CPU
		Debug|x64 = Debug|x64
		Debug|x86 = Debug|x86
		Release|Any CPU = Release|Any CPU
		Release|x64 = Release|x64
		Release|x86 = Release|x86
	EndGlobalSection
	GlobalSection(ProjectConfigurationPlatforms) = postSolution
		{C01DCC09-4208-4E6B-AED1-E13791087E21}.Debug|Any CPU.ActiveCfg = Debug|Any CPU
		{C01DCC09-4208-4E6B-AED1-E13791087E21}.Debug|Any CPU.Build.0 = Debug|Any CPU
		{C01DCC09-4208-4E6B-AED1-E13791087E21}.Debug|x64.ActiveCfg = Debug|x64
		{C01DCC09-4208-4E6B-AED1-E13791087E21}.Debug|x64.Build.0 = Debug|x64
		{C01DCC09-4208-4E6B-AED1-E13791087E21}.Debug|x86.ActiveCfg = Debug|x86
		{C01DCC09-4208-4E6B-AED1-E13791087E21}.Debug|x86.Build.0 = Debug|x86
		{C01DCC09-4208-4E6B-AED1-E13791087E21}.Release|Any CPU.ActiveCfg = Release|Any CPU
		{C01DCC09-4208-4E6B-AED1-E13791087E21}.Release|Any CPU.Build.0 = Release|Any CPU
		{C01DCC09-4208-4E6B-AED1-E13791087E21}.Release|x64.ActiveCfg = Release|x64
		{C01DCC09-4208-4E6B-AED1-E13791087E21}.Release|x64.Build.0 = Release|x64
		{C01DCC09-4208-4E6B-AED1-E13791087E21}.Release|x86.ActiveCfg = Release|x86
		{C01DCC09-4208-4E6B-AED1-E13791087E21}.Release|x86.Build.0 = Release|x86
		{82F1B71F-C012-4EAA-B52C-4B8AE2EB6F4E}.Debug|Any CPU.ActiveCfg = Debug|Any CPU
		{82F1B71F-C012-4EAA-B52C-4B8AE2EB6F4E}.Debug|Any CPU.Build.0 = Debug|Any CPU
		{82F1B71F-C012-4EAA-B52C-4B8AE2EB6F4E}.Debug|x64.ActiveCfg = Debug|x64
		{82F1B71F-C012-4EAA-B52C-4B8AE2EB6F4E}.Debug|x64.Build.0 = Debug|x64
		{82F1B71F-C012-4EAA-B52C-4B8AE2EB6F4E}.Debug|x86.ActiveCfg = Debug|x86
		{82F1B71F-C012-4EAA-B52C-4B8AE2EB6F4E}.Debug|x86.Build.0 = Debug|x86
		{82F1B71F-C012-4EAA-B52C-4B8AE2EB6F4E}.Release|Any CPU.ActiveCfg = Release|Any CPU
		{82F1B71F-C012-4EAA-B52C-4B8AE2EB6F4E}.Release|Any CPU.Build.0 = Release|Any CPU
		{82F1B71F-C012-4EAA-B52C-4B8AE2EB6F4E}.Release|x64.ActiveCfg = Release|x64
		{82F1B71F-C012-4EAA-B52C-4B8AE2EB6F4E}.Release|x64.Build.0 = Release|x64
		{82F1B71F-C012-4EAA-B52C-4B8AE2EB6F4E}.Release|x86.ActiveCfg = Release|x86
		{82F1B71F-C012-4EAA-B52C-4B8AE2EB6F4E}.Release|x86.Build.0 = Release|x86
		{B85FCFEC-6479-47D0-8BF0-E207A8919430}.Debug|Any CPU.ActiveCfg = Debug|Any CPU
		{B85FCFEC-6479-47D0-8BF0-E207A8919430}.Debug|Any CPU.Build.0 = Debug|Any CPU
		{B85FCFEC-6479-47D0-8BF0-E207A8919430}.Debug|x64.ActiveCfg = Debug|x64
		{B85FCFEC-6479-47D0-8BF0-E207A8919430}.Debug|x64.Build.0 = Debug|x64
		{B85FCFEC-6479-47D0-8BF0-E207A8919430}.Debug|x86.ActiveCfg = Debug|x86
		{B85FCFEC-6479-47D0-8BF0-E207A8919430}.Debug|x86.Build.0 = Debug|x86
		{B85FCFEC-6479-47D0-8BF0-E207A8919430}.Release|Any CPU.ActiveCfg = Release|Any CPU
		{B85FCFEC-6479-47D0-8BF0-E207A8919430}.Release|Any CPU.Build.0 = Release|Any CPU
		{B85FCFEC-6479-47D0-8BF0-E207A8919430}.Release|x64.ActiveCfg = Release|x64
		{B85FCFEC-6479-47D0-8BF0-E207A8919430}.Release|x64.Build.0 = Release|x64
		{B85FCFEC-6479-47D0-8BF0-E207A8919430}.Release|x86.ActiveCfg = Release|x86
		{B85FCFEC-6479-47D0-8BF0-E207A8919430}.Release|x86.Build.0 = Release|x86
	EndGlobalSection
	GlobalSection(SolutionProperties) = preSolution
		HideSolutionNode = FALSE
	EndGlobalSection
EndGlobal
